
Microsoft Visual Studio Solution File, Format Version 12.00
# Visual Studio 14
VisualStudioVersion = 14.0.25420.1
MinimumVisualStudioVersion = 10.0.40219.1
Project("{FAE04EC0-301F-11D3-BF4B-00C04F79EFBC}") = "demo.data", "demo.data\demo.data.csproj", "{BC00150C-30BC-4EDC-88FE-16A8E43D77EB}"
EndProject
Project("{FAE04EC0-301F-11D3-BF4B-00C04F79EFBC}") = "demo.Service", "demo.Service\demo.Service.csproj", "{4295F83D-3B28-4C10-8CD1-EE447E86FCC6}"
EndProject
Project("{FAE04EC0-301F-11D3-BF4B-00C04F79EFBC}") = "demo.UI", "data.UI\demo.UI.csproj", "{FB1CBEE0-5FD9-4527-9AA8-C53A5AAFB807}"
EndProject
Project("{FAE04EC0-301F-11D3-BF4B-00C04F79EFBC}") = "demo.Domain", "demo.Domain\demo.Domain.csproj", "{CBBAFE17-68E9-41F3-ABEB-0B0447F8CE7F}"
EndProject
Project("{FAE04EC0-301F-11D3-BF4B-00C04F79EFBC}") = "demo.Infra", "demo.Infra\demo.Infra.csproj", "{302EB29B-A241-4785-956C-C9FD832BAC43}"
EndProject
Project("{FAE04EC0-301F-11D3-BF4B-00C04F79EFBC}") = "demo.Test", "demo.Test\demo.Test.csproj", "{5BD093E0-58D9-424B-925F-0A35D4982107}"
EndProject
Global
	GlobalSection(SolutionConfigurationPlatforms) = preSolution
		Debug|Any CPU = Debug|Any CPU
		Release|Any CPU = Release|Any CPU
	EndGlobalSection
	GlobalSection(ProjectConfigurationPlatforms) = postSolution
		{BC00150C-30BC-4EDC-88FE-16A8E43D77EB}.Debug|Any CPU.ActiveCfg = Debug|Any CPU
		{BC00150C-30BC-4EDC-88FE-16A8E43D77EB}.Debug|Any CPU.Build.0 = Debug|Any CPU
		{BC00150C-30BC-4EDC-88FE-16A8E43D77EB}.Release|Any CPU.ActiveCfg = Release|Any CPU
		{BC00150C-30BC-4EDC-88FE-16A8E43D77EB}.Release|Any CPU.Build.0 = Release|Any CPU
		{4295F83D-3B28-4C10-8CD1-EE447E86FCC6}.Debug|Any CPU.ActiveCfg = Debug|Any CPU
		{4295F83D-3B28-4C10-8CD1-EE447E86FCC6}.Debug|Any CPU.Build.0 = Debug|Any CPU
		{4295F83D-3B28-4C10-8CD1-EE447E86FCC6}.Release|Any CPU.ActiveCfg = Release|Any CPU
		{4295F83D-3B28-4C10-8CD1-EE447E86FCC6}.Release|Any CPU.Build.0 = Release|Any CPU
		{FB1CBEE0-5FD9-4527-9AA8-C53A5AAFB807}.Debug|Any CPU.ActiveCfg = Debug|Any CPU
		{FB1CBEE0-5FD9-4527-9AA8-C53A5AAFB807}.Debug|Any CPU.Build.0 = Debug|Any CPU
		{FB1CBEE0-5FD9-4527-9AA8-C53A5AAFB807}.Release|Any CPU.ActiveCfg = Release|Any CPU
		{FB1CBEE0-5FD9-4527-9AA8-C53A5AAFB807}.Release|Any CPU.Build.0 = Release|Any CPU
		{CBBAFE17-68E9-41F3-ABEB-0B0447F8CE7F}.Debug|Any CPU.ActiveCfg = Debug|Any CPU
		{CBBAFE17-68E9-41F3-ABEB-0B0447F8CE7F}.Debug|Any CPU.Build.0 = Debug|Any CPU
		{CBBAFE17-68E9-41F3-ABEB-0B0447F8CE7F}.Release|Any CPU.ActiveCfg = Release|Any CPU
		{CBBAFE17-68E9-41F3-ABEB-0B0447F8CE7F}.Release|Any CPU.Build.0 = Release|Any CPU
		{302EB29B-A241-4785-956C-C9FD832BAC43}.Debug|Any CPU.ActiveCfg = Debug|Any CPU
		{302EB29B-A241-4785-956C-C9FD832BAC43}.Debug|Any CPU.Build.0 = Debug|Any CPU
		{302EB29B-A241-4785-956C-C9FD832BAC43}.Release|Any CPU.ActiveCfg = Release|Any CPU
		{302EB29B-A241-4785-956C-C9FD832BAC43}.Release|Any CPU.Build.0 = Release|Any CPU
		{5BD093E0-58D9-424B-925F-0A35D4982107}.Debug|Any CPU.ActiveCfg = Debug|Any CPU
		{5BD093E0-58D9-424B-925F-0A35D4982107}.Debug|Any CPU.Build.0 = Debug|Any CPU
		{5BD093E0-58D9-424B-925F-0A35D4982107}.Release|Any CPU.ActiveCfg = Release|Any CPU
		{5BD093E0-58D9-424B-925F-0A35D4982107}.Release|Any CPU.Build.0 = Release|Any CPU
	EndGlobalSection
	GlobalSection(SolutionProperties) = preSolution
		HideSolutionNode = FALSE
	EndGlobalSection
EndGlobal
